{
  "name": "soulx-singer-dit",
  "version": "0.1.1",
  "lockfileVersion": 3,
  "requires": true,
  "packages": {
    "": {
      "name": "soulx-singer-dit",
      "version": "0.1.1",
      "hasInstallScript": true,
      "license": "MIT",
      "dependencies": {
        "node-addon-api": "^8.9.0"
      },
      "engines": {
        "node": ">=16"
      },
      "optionalDependencies": {
        "soulx-singer-dit-win32-x64-cpu": "^0.1.1",
        "soulx-singer-dit-win32-x64-cuda": "^0.1.1",
        "soulx-singer-dit-win32-x64-vulkan": "^0.1.1"
      }
    },
    "node_modules/node-addon-api": {
      "version": "8.9.0",
      "resolved": "https://registry.npmjs.org/node-addon-api/-/node-addon-api-8.9.0.tgz",
      "integrity": "sha512-ekZMeaaIzSQTSpr7X2X3iJM7lTzgnx8ahAG9pJfT/7+14mlEM8ZYQ9cgCDvSSRbReFK0oHli3WrZdCiRsgAT9Q==",
      "license": "MIT",
      "engines": {
        "node": "^18 || ^20 || >= 21"
      }
    },
    "node_modules/soulx-singer-dit-win32-x64-cpu": {
      "version": "0.1.1",
      "resolved": "https://registry.npmjs.org/soulx-singer-dit-win32-x64-cpu/-/soulx-singer-dit-win32-x64-cpu-0.1.1.tgz",
      "integrity": "sha512-93ElWbgUW3o6XAjVc8ZoTUz2q+vMGgl7lZhDlVLAC7huXsdpXgvQlwFgSW2NvutHpgJ4k08s4V5qySZkd2JMsQ==",
      "cpu": [
        "x64"
      ],
      "license": "MIT",
      "optional": true,
      "os": [
        "win32"
      ]
    },
    "node_modules/soulx-singer-dit-win32-x64-cuda": {
      "version": "0.1.1",
      "resolved": "https://registry.npmjs.org/soulx-singer-dit-win32-x64-cuda/-/soulx-singer-dit-win32-x64-cuda-0.1.1.tgz",
      "integrity": "sha512-CPGL7O7uq8Ckrd3gdRehYvQAoFWa2WHf2XD0LevKLMjlceD9kd2nYMFsUZDf92yw/rGEGNoi57BMQ6TBkT/mBw==",
      "cpu": [
        "x64"
      ],
      "license": "MIT",
      "optional": true,
      "os": [
        "win32"
      ]
    },
    "node_modules/soulx-singer-dit-win32-x64-vulkan": {
      "version": "0.1.1",
      "resolved": "https://registry.npmjs.org/soulx-singer-dit-win32-x64-vulkan/-/soulx-singer-dit-win32-x64-vulkan-0.1.1.tgz",
      "integrity": "sha512-D+13noMCse1yvX53vH6wXqnk44fS2PHBM6gd2P41+C8occ4IHooLFj0oHd+dtRymdYECfkktdBZAQfOgGXV40A==",
      "cpu": [
        "x64"
      ],
      "license": "MIT",
      "optional": true,
      "os": [
        "win32"
      ]
    }
  }
}
