{
  "name": "soulx-singer-dit",
  "version": "0.2.0",
  "lockfileVersion": 3,
  "requires": true,
  "packages": {
    "": {
      "name": "soulx-singer-dit",
      "version": "0.2.0",
      "hasInstallScript": true,
      "license": "MIT",
      "dependencies": {
        "node-addon-api": "^8.9.0"
      },
      "engines": {
        "node": ">=16"
      },
      "optionalDependencies": {
        "soulx-singer-dit-darwin-arm64-cpu": "^0.2.0",
        "soulx-singer-dit-linux-arm64-cpu": "^0.2.0",
        "soulx-singer-dit-linux-x64-cpu": "^0.2.0",
        "soulx-singer-dit-win32-x64-cpu": "^0.2.0",
        "soulx-singer-dit-win32-x64-cuda": "^0.2.0",
        "soulx-singer-dit-win32-x64-vulkan": "^0.2.0"
      }
    },
    "node_modules/node-addon-api": {
      "version": "8.9.0",
      "resolved": "https://registry.npmjs.org/node-addon-api/-/node-addon-api-8.9.0.tgz",
      "integrity": "sha512-ekZMeaaIzSQTSpr7X2X3iJM7lTzgnx8ahAG9pJfT/7+14mlEM8ZYQ9cgCDvSSRbReFK0oHli3WrZdCiRsgAT9Q==",
      "license": "MIT",
      "engines": {
        "node": "^18 || ^20 || >= 21"
      }
    },
    "node_modules/soulx-singer-dit-darwin-arm64-cpu": {
      "version": "0.2.0",
      "resolved": "https://registry.npmjs.org/soulx-singer-dit-darwin-arm64-cpu/-/soulx-singer-dit-darwin-arm64-cpu-0.2.0.tgz",
      "integrity": "sha512-/AT430eSxYoPLbEU29TY49qAtlayjTmgyc2Qwr8hOChYt/OW4aCOaAnUJq8aKJJl6foMFZN4xBU2S5z1JJGzmg==",
      "cpu": [
        "arm64"
      ],
      "license": "MIT",
      "optional": true,
      "os": [
        "darwin"
      ]
    },
    "node_modules/soulx-singer-dit-linux-arm64-cpu": {
      "version": "0.2.0",
      "resolved": "https://registry.npmjs.org/soulx-singer-dit-linux-arm64-cpu/-/soulx-singer-dit-linux-arm64-cpu-0.2.0.tgz",
      "integrity": "sha512-nz7YsrJNHhATR7UCgh+H9IaXUBqRmsEi8ZPgxn0cZw/VNluAcfukr8lOHlceaq4dLvJUOw3xpVcupOQ8qNAHqQ==",
      "cpu": [
        "arm64"
      ],
      "license": "MIT",
      "optional": true,
      "os": [
        "linux"
      ]
    },
    "node_modules/soulx-singer-dit-linux-x64-cpu": {
      "version": "0.2.0",
      "resolved": "https://registry.npmjs.org/soulx-singer-dit-linux-x64-cpu/-/soulx-singer-dit-linux-x64-cpu-0.2.0.tgz",
      "integrity": "sha512-5wn6OZos9iwrZqRxzSq8/+NkjiUn3QBHqdh+m01ievrIEI3iJTD0RwUqWGrM/F2kBlj8Ny4nAcnIfryVUkEZ9A==",
      "cpu": [
        "x64"
      ],
      "license": "MIT",
      "optional": true,
      "os": [
        "linux"
      ]
    },
    "node_modules/soulx-singer-dit-win32-x64-cpu": {
      "version": "0.2.0",
      "resolved": "https://registry.npmjs.org/soulx-singer-dit-win32-x64-cpu/-/soulx-singer-dit-win32-x64-cpu-0.2.0.tgz",
      "integrity": "sha512-sjwjKB839tVFhGI3U8d3WyK7j026NaUaA9+Ejvy2GLHmWge3ZSCQN5ho4DJ3wFK0/6PoXZPWQJ5fktjuaMrV3A==",
      "cpu": [
        "x64"
      ],
      "license": "MIT",
      "optional": true,
      "os": [
        "win32"
      ]
    },
    "node_modules/soulx-singer-dit-win32-x64-cuda": {
      "version": "0.2.0",
      "resolved": "https://registry.npmjs.org/soulx-singer-dit-win32-x64-cuda/-/soulx-singer-dit-win32-x64-cuda-0.2.0.tgz",
      "integrity": "sha512-FfnGv7UoQuKQIyf9+aYEw9hkYi7TgDBxgjEtJUcmPqJbFMrgfwHaE1QfUAjfPQo7UH2ReDVvGqOUx8rWQkwz/Q==",
      "cpu": [
        "x64"
      ],
      "license": "MIT",
      "optional": true,
      "os": [
        "win32"
      ]
    },
    "node_modules/soulx-singer-dit-win32-x64-vulkan": {
      "version": "0.2.0",
      "resolved": "https://registry.npmjs.org/soulx-singer-dit-win32-x64-vulkan/-/soulx-singer-dit-win32-x64-vulkan-0.2.0.tgz",
      "integrity": "sha512-qld/1e8RyqromnFiDZ4h4/5GCHLI+7Fv8iZ5tTuutzh8eoBFviL+P++EUocgtz+1xz9jVEwcNAoNwi20yp02Vw==",
      "cpu": [
        "x64"
      ],
      "license": "MIT",
      "optional": true,
      "os": [
        "win32"
      ]
    }
  }
}
