{
  "name": "soulx-singer-dit",
  "version": "0.2.1",
  "lockfileVersion": 3,
  "requires": true,
  "packages": {
    "": {
      "name": "soulx-singer-dit",
      "version": "0.2.1",
      "hasInstallScript": true,
      "license": "MIT",
      "dependencies": {
        "node-addon-api": "^8.9.0",
        "soulx-singer-dit-darwin-arm64-cpu": "0.2.1"
      },
      "engines": {
        "node": ">=16"
      },
      "optionalDependencies": {
        "soulx-singer-dit-darwin-arm64-cpu": "^0.2.1",
        "soulx-singer-dit-linux-arm64-cpu": "^0.2.1",
        "soulx-singer-dit-linux-x64-cpu": "^0.2.1",
        "soulx-singer-dit-win32-x64-cpu": "^0.2.1",
        "soulx-singer-dit-win32-x64-cuda": "^0.2.1",
        "soulx-singer-dit-win32-x64-vulkan": "^0.2.1"
      }
    },
    "node_modules/node-addon-api": {
      "version": "8.9.0",
      "resolved": "https://registry.npmjs.org/node-addon-api/-/node-addon-api-8.9.0.tgz",
      "integrity": "sha512-ekZMeaaIzSQTSpr7X2X3iJM7lTzgnx8ahAG9pJfT/7+14mlEM8ZYQ9cgCDvSSRbReFK0oHli3WrZdCiRsgAT9Q==",
      "license": "MIT",
      "engines": {
        "node": "^18 || ^20 || >= 21"
      }
    },
    "node_modules/soulx-singer-dit-darwin-arm64-cpu": {
      "version": "0.2.1",
      "resolved": "https://registry.npmjs.org/soulx-singer-dit-darwin-arm64-cpu/-/soulx-singer-dit-darwin-arm64-cpu-0.2.1.tgz",
      "integrity": "sha512-c4K0cdzn3P1qCyudqvVAketq/e4Mlv5pbaCqxhXR3yt/mOMdi6jVyCvdt9zGhPaf+00nl98i7tk2P9svV6wEMw==",
      "cpu": [
        "arm64"
      ],
      "license": "MIT",
      "optional": true,
      "os": [
        "darwin"
      ]
    },
    "node_modules/soulx-singer-dit-linux-arm64-cpu": {
      "version": "0.2.1",
      "resolved": "https://registry.npmjs.org/soulx-singer-dit-linux-arm64-cpu/-/soulx-singer-dit-linux-arm64-cpu-0.2.1.tgz",
      "integrity": "sha512-pZJCZUIueIYsTJJ248YdBQzDlzh/7XIWPVfpQ1bOLL3/D7j9TjiHeID6ZGeNQZqj4JviFOj4kr7uST3u5zBDPw==",
      "cpu": [
        "arm64"
      ],
      "license": "MIT",
      "optional": true,
      "os": [
        "linux"
      ]
    },
    "node_modules/soulx-singer-dit-linux-x64-cpu": {
      "version": "0.2.1",
      "resolved": "https://registry.npmjs.org/soulx-singer-dit-linux-x64-cpu/-/soulx-singer-dit-linux-x64-cpu-0.2.1.tgz",
      "integrity": "sha512-gctq2bznXP5dehRngfxYj1PWxolwNMJDeSMOArapPNmsfltX1ICNv1q9WVtSDBureIG4HTGWimzwTebi8akeuw==",
      "cpu": [
        "x64"
      ],
      "license": "MIT",
      "optional": true,
      "os": [
        "linux"
      ]
    },
    "node_modules/soulx-singer-dit-win32-x64-cpu": {
      "version": "0.2.1",
      "resolved": "https://registry.npmjs.org/soulx-singer-dit-win32-x64-cpu/-/soulx-singer-dit-win32-x64-cpu-0.2.1.tgz",
      "integrity": "sha512-7FMkdxTwGOwadJOf6lhJDQWUeXkq8RPai/Ld4pZ6p/Fbk8nLYu6i9JpKJ+Y/ggX6Txm3MquwB2cmN2Y2UhTPOQ==",
      "cpu": [
        "x64"
      ],
      "license": "MIT",
      "optional": true,
      "os": [
        "win32"
      ]
    },
    "node_modules/soulx-singer-dit-win32-x64-cuda": {
      "version": "0.2.1",
      "resolved": "https://registry.npmjs.org/soulx-singer-dit-win32-x64-cuda/-/soulx-singer-dit-win32-x64-cuda-0.2.1.tgz",
      "integrity": "sha512-1tilkJ+/Suqo3fvTfz5SzOmIcjQGzRvjQ4mNEur6O3VYbEP5/CJeb/n1LLwdsccuUXn8LYJSH0LyzEIn27EvdQ==",
      "cpu": [
        "x64"
      ],
      "license": "MIT",
      "optional": true,
      "os": [
        "win32"
      ]
    },
    "node_modules/soulx-singer-dit-win32-x64-vulkan": {
      "version": "0.2.1",
      "resolved": "https://registry.npmjs.org/soulx-singer-dit-win32-x64-vulkan/-/soulx-singer-dit-win32-x64-vulkan-0.2.1.tgz",
      "integrity": "sha512-u1Ly5j6YUpGcjvHkfhh7thI7/8T6bbsVYRKj0Vc2WBaDGMWQHeOLVVWvZf/5iL7zBW6II0J0gQwxDAY2pZFaGQ==",
      "cpu": [
        "x64"
      ],
      "license": "MIT",
      "optional": true,
      "os": [
        "win32"
      ]
    }
  }
}
